dependencies:
  docwilco/esp_abl_link:
    component_hash: e1300695d9caf90c9145027d873689cbec3d13103a1dbb2161a5cefad8aace3d
    dependencies:
    - name: espressif/asio
      registry_url: https://components.espressif.com
      require: private
      version: '>=1.32.0'
    - name: idf
      require: private
      version: '>=5.0'
    source:
      registry_url: https://components.espressif.com/
      type: service
    targets:
    - esp32
    - esp32s2
    - esp32s3
    version: 3.1.5~1
  espressif/asio:
    component_hash: 3cf486ada17eca189ad68be1e8c5dfe757df5baa6dfd42c97872f950d559ae74
    dependencies:
    - name: espressif/sock_utils
      registry_url: https://components.espressif.com
      require: private
      version: ^0.1
    - name: idf
      require: private
      version: '>=5.0'
    source:
      registry_url: https://components.espressif.com
      type: service
    version: 1.32.0~2
  espressif/sock_utils:
    component_hash: 8188e758451f5cdf2b8d11205237986dd85760662f325132d1cd173fc081c988
    dependencies:
    - name: idf
      require: private
      version: '>=5.0'
    source:
      registry_url: https://components.espressif.com
      type: service
    version: 0.1.0
  idf:
    source:
      type: idf
    version: 6.0.1
direct_dependencies:
- docwilco/esp_abl_link
- idf
manifest_hash: bc1c121473722af1a5b31a10be8e1911f78b5c8c5a30403e7804deb796d154fe
target: esp32
version: 2.0.0
